
Microsoft Visual Studio Solution File, Format Version 12.00
# Visual Studio Version 16
VisualStudioVersion = 16.0.30002.166
MinimumVisualStudioVersion = 10.0.40219.1
Project("{00D1A9C2-B5F0-4AF3-8072-F6C62B433612}") = "DacPacDemo", "DacPacDemo\DacPacDemo.sqlproj", "{0249D570-6837-4CB8-A1E5-A784BC40BB40}"
EndProject
Global
	GlobalSection(SolutionConfigurationPlatforms) = preSolution
		Debug|Any CPU = Debug|Any CPU
		Release|Any CPU = Release|Any CPU
	EndGlobalSection
	GlobalSection(ProjectConfigurationPlatforms) = postSolution
		{0249D570-6837-4CB8-A1E5-A784BC40BB40}.Debug|Any CPU.ActiveCfg = Debug|Any CPU
		{0249D570-6837-4CB8-A1E5-A784BC40BB40}.Debug|Any CPU.Build.0 = Debug|Any CPU
		{0249D570-6837-4CB8-A1E5-A784BC40BB40}.Debug|Any CPU.Deploy.0 = Debug|Any CPU
		{0249D570-6837-4CB8-A1E5-A784BC40BB40}.Release|Any CPU.ActiveCfg = Release|Any CPU
		{0249D570-6837-4CB8-A1E5-A784BC40BB40}.Release|Any CPU.Build.0 = Release|Any CPU
		{0249D570-6837-4CB8-A1E5-A784BC40BB40}.Release|Any CPU.Deploy.0 = Release|Any CPU
	EndGlobalSection
	GlobalSection(SolutionProperties) = preSolution
		HideSolutionNode = FALSE
	EndGlobalSection
	GlobalSection(ExtensibilityGlobals) = postSolution
		SolutionGuid = {279E9D06-47D1-4DC4-AC79-424E183CAA79}
	EndGlobalSection
EndGlobal
